
Microsoft Visual Studio Solution File, Format Version 12.00
# Visual Studio Version 17
VisualStudioVersion = 17.9.34902.65
MinimumVisualStudioVersion = 10.0.40219.1
Project("{9A19103F-16F7-4668-BE54-9A1E7A4F7556}") = "UmbracoProject1", "UmbracoProject1.csproj", "{F90760C3-94ED-4A30-BAA1-F3842114503C}"
EndProject
Global
	GlobalSection(SolutionConfigurationPlatforms) = preSolution
		Debug|Any CPU = Debug|Any CPU
		Release|Any CPU = Release|Any CPU
	EndGlobalSection
	GlobalSection(ProjectConfigurationPlatforms) = postSolution
		{F90760C3-94ED-4A30-BAA1-F3842114503C}.Debug|Any CPU.ActiveCfg = Debug|Any CPU
		{F90760C3-94ED-4A30-BAA1-F3842114503C}.Debug|Any CPU.Build.0 = Debug|Any CPU
		{F90760C3-94ED-4A30-BAA1-F3842114503C}.Release|Any CPU.ActiveCfg = Release|Any CPU
		{F90760C3-94ED-4A30-BAA1-F3842114503C}.Release|Any CPU.Build.0 = Release|Any CPU
	EndGlobalSection
	GlobalSection(SolutionProperties) = preSolution
		HideSolutionNode = FALSE
	EndGlobalSection
	GlobalSection(ExtensibilityGlobals) = postSolution
		SolutionGuid = {87620A60-D553-4D1E-BC39-1490964512BB}
	EndGlobalSection
EndGlobal
